
Microsoft Visual Studio Solution File, Format Version 12.00
# Visual Studio 2013
VisualStudioVersion = 12.0.21005.1
MinimumVisualStudioVersion = 10.0.40219.1
Project("{FAE04EC0-301F-11D3-BF4B-00C04F79EFBC}") = "LuceneDemo.Model", "LuceneDemo.Model\LuceneDemo.Model.csproj", "{508BA374-252C-4DB6-8FA5-B51FADD6E4BC}"
EndProject
Project("{FAE04EC0-301F-11D3-BF4B-00C04F79EFBC}") = "LuceneDemo.WebApp", "LuceneDemo.WebApp\LuceneDemo.WebApp.csproj", "{9B60FA34-24A7-4469-87B4-A7362726DF77}"
EndProject
Project("{FAE04EC0-301F-11D3-BF4B-00C04F79EFBC}") = "LuceneDemo.DAL", "LuceneDemo.DAL\LuceneDemo.DAL.csproj", "{991BE7B3-EE2F-4243-A146-34527CD159C1}"
EndProject
Project("{FAE04EC0-301F-11D3-BF4B-00C04F79EFBC}") = "LuceneDemo.BLL", "LuceneDemo.BLL\LuceneDemo.BLL.csproj", "{0FD78997-2031-4D6D-A998-53DBE837DBF2}"
EndProject
Global
	GlobalSection(SolutionConfigurationPlatforms) = preSolution
		Debug|Any CPU = Debug|Any CPU
		Release|Any CPU = Release|Any CPU
	EndGlobalSection
	GlobalSection(ProjectConfigurationPlatforms) = postSolution
		{508BA374-252C-4DB6-8FA5-B51FADD6E4BC}.Debug|Any CPU.ActiveCfg = Debug|Any CPU
		{508BA374-252C-4DB6-8FA5-B51FADD6E4BC}.Debug|Any CPU.Build.0 = Debug|Any CPU
		{508BA374-252C-4DB6-8FA5-B51FADD6E4BC}.Release|Any CPU.ActiveCfg = Release|Any CPU
		{508BA374-252C-4DB6-8FA5-B51FADD6E4BC}.Release|Any CPU.Build.0 = Release|Any CPU
		{9B60FA34-24A7-4469-87B4-A7362726DF77}.Debug|Any CPU.ActiveCfg = Debug|Any CPU
		{9B60FA34-24A7-4469-87B4-A7362726DF77}.Debug|Any CPU.Build.0 = Debug|Any CPU
		{9B60FA34-24A7-4469-87B4-A7362726DF77}.Release|Any CPU.ActiveCfg = Release|Any CPU
		{9B60FA34-24A7-4469-87B4-A7362726DF77}.Release|Any CPU.Build.0 = Release|Any CPU
		{991BE7B3-EE2F-4243-A146-34527CD159C1}.Debug|Any CPU.ActiveCfg = Debug|Any CPU
		{991BE7B3-EE2F-4243-A146-34527CD159C1}.Debug|Any CPU.Build.0 = Debug|Any CPU
		{991BE7B3-EE2F-4243-A146-34527CD159C1}.Release|Any CPU.ActiveCfg = Release|Any CPU
		{991BE7B3-EE2F-4243-A146-34527CD159C1}.Release|Any CPU.Build.0 = Release|Any CPU
		{0FD78997-2031-4D6D-A998-53DBE837DBF2}.Debug|Any CPU.ActiveCfg = Debug|Any CPU
		{0FD78997-2031-4D6D-A998-53DBE837DBF2}.Debug|Any CPU.Build.0 = Debug|Any CPU
		{0FD78997-2031-4D6D-A998-53DBE837DBF2}.Release|Any CPU.ActiveCfg = Release|Any CPU
		{0FD78997-2031-4D6D-A998-53DBE837DBF2}.Release|Any CPU.Build.0 = Release|Any CPU
	EndGlobalSection
	GlobalSection(SolutionProperties) = preSolution
		HideSolutionNode = FALSE
	EndGlobalSection
EndGlobal
